{
  "requires": true,
  "lockfileVersion": 1,
  "dependencies": {
    "chu-img-upload": {
      "version": "1.0.0-alpha0.0.1",
      "resolved": "https://registry.npmjs.org/chu-img-upload/-/chu-img-upload-1.0.0-alpha0.0.1.tgz",
      "integrity": "sha512-bY7Mz55m6o/Hi9OSuMX0lwfMsF3XsAdHPECJ8mRPEvTpMCb7a89L1nq2OAdf/oLYC1Fyf1eFzTGti8EZ2t+BwQ=="
    }
  },
  "version": "1.0.1"
}
